
Microsoft Visual Studio Solution File, Format Version 12.00
# Visual Studio 14
VisualStudioVersion = 14.0.23107.0
MinimumVisualStudioVersion = 10.0.40219.1
Project("{2150E333-8FDC-42A3-9474-1A3956D46DE8}") = "_libs", "_libs", "{4632F16A-AF05-45CC-93E7-E6734573ED23}"
	ProjectSection(SolutionItems) = preProject
		_libs\Microsoft.Crm.Sdk.Proxy.dll = _libs\Microsoft.Crm.Sdk.Proxy.dll
		_libs\Microsoft.IdentityModel.dll = _libs\Microsoft.IdentityModel.dll
		_libs\Microsoft.Xrm.Sdk.dll = _libs\Microsoft.Xrm.Sdk.dll
	EndProjectSection
EndProject
Project("{FAE04EC0-301F-11D3-BF4B-00C04F79EFBC}") = "CrmConnection", "CrmConnection\CrmConnection.csproj", "{929B8283-5EFB-49E7-BFD1-53649DA238EC}"
EndProject
Project("{FAE04EC0-301F-11D3-BF4B-00C04F79EFBC}") = "CrmConnection.Example", "CrmConnection.Example\CrmConnection.Example.csproj", "{58C6FCDD-C8D6-4050-89DD-C3475C2B174B}"
EndProject
Global
	GlobalSection(SolutionConfigurationPlatforms) = preSolution
		Debug|Any CPU = Debug|Any CPU
		Release|Any CPU = Release|Any CPU
	EndGlobalSection
	GlobalSection(ProjectConfigurationPlatforms) = postSolution
		{929B8283-5EFB-49E7-BFD1-53649DA238EC}.Debug|Any CPU.ActiveCfg = Debug|Any CPU
		{929B8283-5EFB-49E7-BFD1-53649DA238EC}.Debug|Any CPU.Build.0 = Debug|Any CPU
		{929B8283-5EFB-49E7-BFD1-53649DA238EC}.Release|Any CPU.ActiveCfg = Release|Any CPU
		{929B8283-5EFB-49E7-BFD1-53649DA238EC}.Release|Any CPU.Build.0 = Release|Any CPU
		{58C6FCDD-C8D6-4050-89DD-C3475C2B174B}.Debug|Any CPU.ActiveCfg = Debug|Any CPU
		{58C6FCDD-C8D6-4050-89DD-C3475C2B174B}.Debug|Any CPU.Build.0 = Debug|Any CPU
		{58C6FCDD-C8D6-4050-89DD-C3475C2B174B}.Release|Any CPU.ActiveCfg = Release|Any CPU
		{58C6FCDD-C8D6-4050-89DD-C3475C2B174B}.Release|Any CPU.Build.0 = Release|Any CPU
	EndGlobalSection
	GlobalSection(SolutionProperties) = preSolution
		HideSolutionNode = FALSE
	EndGlobalSection
EndGlobal
